// !$*UTF8*$!
{
	archiveVersion = 1;
	classes = {
	};
	objectVersion = 46;
	objects = {

/* Begin PBXBuildFile section */
		2F8B55D51A84B14100633C13 /* main.m in Sources */ = {isa = PBXBuildFile; fileRef = 2F8B55D41A84B14100633C13 /* main.m */; };
		2F8B55D81A84B14100633C13 /* AppDelegate.m in Sources */ = {isa = PBXBuildFile; fileRef = 2F8B55D71A84B14100633C13 /* AppDelegate.m */; };
		2F8B55DB1A84B14100633C13 /* MainViewController.m in Sources */ = {isa = PBXBuildFile; fileRef = 2F8B55DA1A84B14100633C13 /* MainViewController.m */; };
		2F8B55DE1A84B14100633C13 /* Main.storyboard in Resources */ = {isa = PBXBuildFile; fileRef = 2F8B55DC1A84B14100633C13 /* Main.storyboard */; };
		2F8B55E01A84B14100633C13 /* Images.xcassets in Resources */ = {isa = PBXBuildFile; fileRef = 2F8B55DF1A84B14100633C13 /* Images.xcassets */; };
		2F8B55E31A84B14100633C13 /* LaunchScreen.xib in Resources */ = {isa = PBXBuildFile; fileRef = 2F8B55E11A84B14100633C13 /* LaunchScreen.xib */; };
		2F8B55EF1A84B14100633C13 /* SmileTicketsTests.m in Sources */ = {isa = PBXBuildFile; fileRef = 2F8B55EE1A84B14100633C13 /* SmileTicketsTests.m */; };
		2F8B55FA1A84B5CB00633C13 /* DetailViewController.m in Sources */ = {isa = PBXBuildFile; fileRef = 2F8B55F91A84B5CB00633C13 /* DetailViewController.m */; };
/* End PBXBuildFile section */

/* Begin PBXContainerItemProxy section */
		2F8B55E91A84B14100633C13 /* PBXContainerItemProxy */ = {
			isa = PBXContainerItemProxy;
			containerPortal = 2F8B55C71A84B14100633C13 /* Project object */;
			proxyType = 1;
			remoteGlobalIDString = 2F8B55CE1A84B14100633C13;
			remoteInfo = SmileTickets;
		};
/* End PBXContainerItemProxy section */

/* Begin PBXFileReference section */
		2F8B55CF1A84B14100633C13 /* SmileTickets.app */ = {isa = PBXFileReference; explicitFileType = wrapper.application; includeInIndex = 0; path = SmileTickets.app; sourceTree = BUILT_PRODUCTS_DIR; };
		2F8B55D31A84B14100633C13 /* Info.plist */ = {isa = PBXFileReference; lastKnownFileType = text.plist.xml; path = Info.plist; sourceTree = "<group>"; };
		2F8B55D41A84B14100633C13 /* main.m */ = {isa = PBXFileReference; lastKnownFileType = sourcecode.c.objc; path = main.m; sourceTree = "<group>"; };
		2F8B55D61A84B14100633C13 /* AppDelegate.h */ = {isa = PBXFileReference; lastKnownFileType = sourcecode.c.h; path = AppDelegate.h; sourceTree = "<group>"; };
		2F8B55D71A84B14100633C13 /* AppDelegate.m */ = {isa = PBXFileReference; lastKnownFileType = sourcecode.c.objc; path = AppDelegate.m; sourceTree = "<group>"; };
		2F8B55D91A84B14100633C13 /* MainViewController.h */ = {isa = PBXFileReference; lastKnownFileType = sourcecode.c.h; path = MainViewController.h; sourceTree = "<group>"; };
		2F8B55DA1A84B14100633C13 /* MainViewController.m */ = {isa = PBXFileReference; lastKnownFileType = sourcecode.c.objc; path = MainViewController.m; sourceTree = "<group>"; };
		2F8B55DD1A84B14100633C13 /* Base */ = {isa = PBXFileReference; lastKnownFileType = file.storyboard; name = Base; path = Base.lproj/Main.storyboard; sourceTree = "<group>"; };
		2F8B55DF1A84B14100633C13 /* Images.xcassets */ = {isa = PBXFileReference; lastKnownFileType = folder.assetcatalog; path = Images.xcassets; sourceTree = "<group>"; };
		2F8B55E21A84B14100633C13 /* Base */ = {isa = PBXFileReference; lastKnownFileType = file.xib; name = Base; path = Base.lproj/LaunchScreen.xib; sourceTree = "<group>"; };
		2F8B55E81A84B14100633C13 /* SmileTicketsTests.xctest */ = {isa = PBXFileReference; explicitFileType = wrapper.cfbundle; includeInIndex = 0; path = SmileTicketsTests.xctest; sourceTree = BUILT_PRODUCTS_DIR; };
		2F8B55ED1A84B14100633C13 /* Info.plist */ = {isa = PBXFileReference; lastKnownFileType = text.plist.xml; path = Info.plist; sourceTree = "<group>"; };
		2F8B55EE1A84B14100633C13 /* SmileTicketsTests.m */ = {isa = PBXFileReference; lastKnownFileType = sourcecode.c.objc; path = SmileTicketsTests.m; sourceTree = "<group>"; };
		2F8B55F81A84B5CB00633C13 /* DetailViewController.h */ = {isa = PBXFileReference; fileEncoding = 4; lastKnownFileType = sourcecode.c.h; path = DetailViewController.h; sourceTree = "<group>"; };
		2F8B55F91A84B5CB00633C13 /* DetailViewController.m */ = {isa = PBXFileReference; fileEncoding = 4; lastKnownFileType = sourcecode.c.objc; path = DetailViewController.m; sourceTree = "<group>"; };
/* End PBXFileReference section */

/* Begin PBXFrameworksBuildPhase section */
		2F8B55CC1A84B14100633C13 /* Frameworks */ = {
			isa = PBXFrameworksBuildPhase;
			buildActionMask = 2147483647;
			files = (
			);
			runOnlyForDeploymentPostprocessing = 0;
		};
		2F8B55E51A84B14100633C13 /* Frameworks */ = {
			isa = PBXFrameworksBuildPhase;
			buildActionMask = 2147483647;
			files = (
			);
			runOnlyForDeploymentPostprocessing = 0;
		};
/* End PBXFrameworksBuildPhase section */

/* Begin PBXGroup section */
		2F8B55C61A84B14100633C13 = {
			isa = PBXGroup;
			children = (
				2F8B55D11A84B14100633C13 /* SmileTickets */,
				2F8B55EB1A84B14100633C13 /* SmileTicketsTests */,
				2F8B55D01A84B14100633C13 /* Products */,
			);
			sourceTree = "<group>";
		};
		2F8B55D01A84B14100633C13 /* Products */ = {
			isa = PBXGroup;
			children = (
				2F8B55CF1A84B14100633C13 /* SmileTickets.app */,
				2F8B55E81A84B14100633C13 /* SmileTicketsTests.xctest */,
			);
			name = Products;
			sourceTree = "<group>";
		};
		2F8B55D11A84B14100633C13 /* SmileTickets */ = {
			isa = PBXGroup;
			children = (
				2F8B55D61A84B14100633C13 /* AppDelegate.h */,
				2F8B55D71A84B14100633C13 /* AppDelegate.m */,
				2F8B55D91A84B14100633C13 /* MainViewController.h */,
				2F8B55DA1A84B14100633C13 /* MainViewController.m */,
				2F8B55F81A84B5CB00633C13 /* DetailViewController.h */,
				2F8B55F91A84B5CB00633C13 /* DetailViewController.m */,
				2F8B55DC1A84B14100633C13 /* Main.storyboard */,
				2F8B55DF1A84B14100633C13 /* Images.xcassets */,
				2F8B55E11A84B14100633C13 /* LaunchScreen.xib */,
				2F8B55D21A84B14100633C13 /* Supporting Files */,
			);
			path = SmileTickets;
			sourceTree = "<group>";
		};
		2F8B55D21A84B14100633C13 /* Supporting Files */ = {
			isa = PBXGroup;
			children = (
				2F8B55D31A84B14100633C13 /* Info.plist */,
				2F8B55D41A84B14100633C13 /* main.m */,
			);
			name = "Supporting Files";
			sourceTree = "<group>";
		};
		2F8B55EB1A84B14100633C13 /* SmileTicketsTests */ = {
			isa = PBXGroup;
			children = (
				2F8B55EE1A84B14100633C13 /* SmileTicketsTests.m */,
				2F8B55EC1A84B14100633C13 /* Supporting Files */,
			);
			path = SmileTicketsTests;
			sourceTree = "<group>";
		};
		2F8B55EC1A84B14100633C13 /* Supporting Files */ = {
			isa = PBXGroup;
			children = (
				2F8B55ED1A84B14100633C13 /* Info.plist */,
			);
			name = "Supporting Files";
			sourceTree = "<group>";
		};
/* End PBXGroup section */

/* Begin PBXNativeTarget section */
		2F8B55CE1A84B14100633C13 /* SmileTickets */ = {
			isa = PBXNativeTarget;
			buildConfigurationList = 2F8B55F21A84B14100633C13 /* Build configuration list for PBXNativeTarget "SmileTickets" */;
			buildPhases = (
				2F8B55CB1A84B14100633C13 /* Sources */,
				2F8B55CC1A84B14100633C13 /* Frameworks */,
				2F8B55CD1A84B14100633C13 /* Resources */,
			);
			buildRules = (
			);
			dependencies = (
			);
			name = SmileTickets;
			productName = SmileTickets;
			productReference = 2F8B55CF1A84B14100633C13 /* SmileTickets.app */;
			productType = "com.apple.product-type.application";
		};
		2F8B55E71A84B14100633C13 /* SmileTicketsTests */ = {
			isa = PBXNativeTarget;
			buildConfigurationList = 2F8B55F51A84B14100633C13 /* Build configuration list for PBXNativeTarget "SmileTicketsTests" */;
			buildPhases = (
				2F8B55E41A84B14100633C13 /* Sources */,
				2F8B55E51A84B14100633C13 /* Frameworks */,
				2F8B55E61A84B14100633C13 /* Resources */,
			);
			buildRules = (
			);
			dependencies = (
				2F8B55EA1A84B14100633C13 /* PBXTargetDependency */,
			);
			name = SmileTicketsTests;
			productName = SmileTicketsTests;
			productReference = 2F8B55E81A84B14100633C13 /* SmileTicketsTests.xctest */;
			productType = "com.apple.product-type.bundle.unit-test";
		};
/* End PBXNativeTarget section */

/* Begin PBXProject section */
		2F8B55C71A84B14100633C13 /* Project object */ = {
			isa = PBXProject;
			attributes = {
				LastUpgradeCheck = 0610;
				ORGANIZATIONNAME = "Wang Long";
				TargetAttributes = {
					2F8B55CE1A84B14100633C13 = {
						CreatedOnToolsVersion = 6.1.1;
					};
					2F8B55E71A84B14100633C13 = {
						CreatedOnToolsVersion = 6.1.1;
						TestTargetID = 2F8B55CE1A84B14100633C13;
					};
				};
			};
			buildConfigurationList = 2F8B55CA1A84B14100633C13 /* Build configuration list for PBXProject "SmileTickets" */;
			compatibilityVersion = "Xcode 3.2";
			developmentRegion = English;
			hasScannedForEncodings = 0;
			knownRegions = (
				en,
				Base,
			);
			mainGroup = 2F8B55C61A84B14100633C13;
			productRefGroup = 2F8B55D01A84B14100633C13 /* Products */;
			projectDirPath = "";
			projectRoot = "";
			targets = (
				2F8B55CE1A84B14100633C13 /* SmileTickets */,
				2F8B55E71A84B14100633C13 /* SmileTicketsTests */,
			);
		};
/* End PBXProject section */

/* Begin PBXResourcesBuildPhase section */
		2F8B55CD1A84B14100633C13 /* Resources */ = {
			isa = PBXResourcesBuildPhase;
			buildActionMask = 2147483647;
			files = (
				2F8B55DE1A84B14100633C13 /* Main.storyboard in Resources */,
				2F8B55E31A84B14100633C13 /* LaunchScreen.xib in Resources */,
				2F8B55E01A84B14100633C13 /* Images.xcassets in Resources */,
			);
			runOnlyForDeploymentPostprocessing = 0;
		};
		2F8B55E61A84B14100633C13 /* Resources */ = {
			isa = PBXResourcesBuildPhase;
			buildActionMask = 2147483647;
			files = (
			);
			runOnlyForDeploymentPostprocessing = 0;
		};
/* End PBXResourcesBuildPhase section */

/* Begin PBXSourcesBuildPhase section */
		2F8B55CB1A84B14100633C13 /* Sources */ = {
			isa = PBXSourcesBuildPhase;
			buildActionMask = 2147483647;
			files = (
				2F8B55DB1A84B14100633C13 /* MainViewController.m in Sources */,
				2F8B55D81A84B14100633C13 /* AppDelegate.m in Sources */,
				2F8B55D51A84B14100633C13 /* main.m in Sources */,
				2F8B55FA1A84B5CB00633C13 /* DetailViewController.m in Sources */,
			);
			runOnlyForDeploymentPostprocessing = 0;
		};
		2F8B55E41A84B14100633C13 /* Sources */ = {
			isa = PBXSourcesBuildPhase;
			buildActionMask = 2147483647;
			files = (
				2F8B55EF1A84B14100633C13 /* SmileTicketsTests.m in Sources */,
			);
			runOnlyForDeploymentPostprocessing = 0;
		};
/* End PBXSourcesBuildPhase section */

/* Begin PBXTargetDependency section */
		2F8B55EA1A84B14100633C13 /* PBXTargetDependency */ = {
			isa = PBXTargetDependency;
			target = 2F8B55CE1A84B14100633C13 /* SmileTickets */;
			targetProxy = 2F8B55E91A84B14100633C13 /* PBXContainerItemProxy */;
		};
/* End PBXTargetDependency section */

/* Begin PBXVariantGroup section */
		2F8B55DC1A84B14100633C13 /* Main.storyboard */ = {
			isa = PBXVariantGroup;
			children = (
				2F8B55DD1A84B14100633C13 /* Base */,
			);
			name = Main.storyboard;
			sourceTree = "<group>";
		};
		2F8B55E11A84B14100633C13 /* LaunchScreen.xib */ = {
			isa = PBXVariantGroup;
			children = (
				2F8B55E21A84B14100633C13 /* Base */,
			);
			name = LaunchScreen.xib;
			sourceTree = "<group>";
		};
/* End PBXVariantGroup section */

/* Begin XCBuildConfiguration section */
		2F8B55F01A84B14100633C13 /* Debug */ = {
			isa = XCBuildConfiguration;
			buildSettings = {
				ALWAYS_SEARCH_USER_PATHS = NO;
				CLANG_CXX_LANGUAGE_STANDARD = "gnu++0x";
				CLANG_CXX_LIBRARY = "libc++";
				CLANG_ENABLE_MODULES = YES;
				CLANG_ENABLE_OBJC_ARC = YES;
				CLANG_WARN_BOOL_CONVERSION = YES;
				CLANG_WARN_CONSTANT_CONVERSION = YES;
				CLANG_WARN_DIRECT_OBJC_ISA_USAGE = YES_ERROR;
				CLANG_WARN_EMPTY_BODY = YES;
				CLANG_WARN_ENUM_CONVERSION = YES;
				CLANG_WARN_INT_CONVERSION = YES;
				CLANG_WARN_OBJC_ROOT_CLASS = YES_ERROR;
				CLANG_WARN_UNREACHABLE_CODE = YES;
				CLANG_WARN__DUPLICATE_METHOD_MATCH = YES;
				"CODE_SIGN_IDENTITY[sdk=iphoneos*]" = "iPhone Developer";
				COPY_PHASE_STRIP = NO;
				ENABLE_STRICT_OBJC_MSGSEND = YES;
				GCC_C_LANGUAGE_STANDARD = gnu99;
				GCC_DYNAMIC_NO_PIC = NO;
				GCC_OPTIMIZATION_LEVEL = 0;
				GCC_PREPROCESSOR_DEFINITIONS = (
					"DEBUG=1",
					"$(inherited)",
				);
				GCC_SYMBOLS_PRIVATE_EXTERN = NO;
				GCC_WARN_64_TO_32_BIT_CONVERSION = YES;
				GCC_WARN_ABOUT_RETURN_TYPE = YES_ERROR;
				GCC_WARN_UNDECLARED_SELECTOR = YES;
				GCC_WARN_UNINITIALIZED_AUTOS = YES_AGGRESSIVE;
				GCC_WARN_UNUSED_FUNCTION = YES;
				GCC_WARN_UNUSED_VARIABLE = YES;
				IPHONEOS_DEPLOYMENT_TARGET = 8.1;
				MTL_ENABLE_DEBUG_INFO = YES;
				ONLY_ACTIVE_ARCH = YES;
				SDKROOT = iphoneos;
			};
			name = Debug;
		};
		2F8B55F11A84B14100633C13 /* Release */ = {
			isa = XCBuildConfiguration;
			buildSettings = {
				ALWAYS_SEARCH_USER_PATHS = NO;
				CLANG_CXX_LANGUAGE_STANDARD = "gnu++0x";
				CLANG_CXX_LIBRARY = "libc++";
				CLANG_ENABLE_MODULES = YES;
				CLANG_ENABLE_OBJC_ARC = YES;
				CLANG_WARN_BOOL_CONVERSION = YES;
				CLANG_WARN_CONSTANT_CONVERSION = YES;
				CLANG_WARN_DIRECT_OBJC_ISA_USAGE = YES_ERROR;
				CLANG_WARN_EMPTY_BODY = YES;
				CLANG_WARN_ENUM_CONVERSION = YES;
				CLANG_WARN_INT_CONVERSION = YES;
				CLANG_WARN_OBJC_ROOT_CLASS = YES_ERROR;
				CLANG_WARN_UNREACHABLE_CODE = YES;
				CLANG_WARN__DUPLICATE_METHOD_MATCH = YES;
				"CODE_SIGN_IDENTITY[sdk=iphoneos*]" = "iPhone Developer";
				COPY_PHASE_STRIP = YES;
				ENABLE_NS_ASSERTIONS = NO;
				ENABLE_STRICT_OBJC_MSGSEND = YES;
				GCC_C_LANGUAGE_STANDARD = gnu99;
				GCC_WARN_64_TO_32_BIT_CONVERSION = YES;
				GCC_WARN_ABOUT_RETURN_TYPE = YES_ERROR;
				GCC_WARN_UNDECLARED_SELECTOR = YES;
				GCC_WARN_UNINITIALIZED_AUTOS = YES_AGGRESSIVE;
				GCC_WARN_UNUSED_FUNCTION = YES;
				GCC_WARN_UNUSED_VARIABLE = YES;
				IPHONEOS_DEPLOYMENT_TARGET = 8.1;
				MTL_ENABLE_DEBUG_INFO = NO;
				SDKROOT = iphoneos;
				VALIDATE_PRODUCT = YES;
			};
			name = Release;
		};
		2F8B55F31A84B14100633C13 /* Debug */ = {
			isa = XCBuildConfiguration;
			buildSettings = {
				ASSETCATALOG_COMPILER_APPICON_NAME = AppIcon;
				ASSETCATALOG_COMPILER_LAUNCHIMAGE_NAME = LaunchImage;
				INFOPLIST_FILE = SmileTickets/Info.plist;
				IPHONEOS_DEPLOYMENT_TARGET = 7.0;
				LD_RUNPATH_SEARCH_PATHS = "$(inherited) @executable_path/Frameworks";
				PRODUCT_NAME = "$(TARGET_NAME)";
			};
			name = Debug;
		};
		2F8B55F41A84B14100633C13 /* Release */ = {
			isa = XCBuildConfiguration;
			buildSettings = {
				ASSETCATALOG_COMPILER_APPICON_NAME = AppIcon;
				ASSETCATALOG_COMPILER_LAUNCHIMAGE_NAME = LaunchImage;
				INFOPLIST_FILE = SmileTickets/Info.plist;
				IPHONEOS_DEPLOYMENT_TARGET = 7.0;
				LD_RUNPATH_SEARCH_PATHS = "$(inherited) @executable_path/Frameworks";
				PRODUCT_NAME = "$(TARGET_NAME)";
			};
			name = Release;
		};
		2F8B55F61A84B14100633C13 /* Debug */ = {
			isa = XCBuildConfiguration;
			buildSettings = {
				BUNDLE_LOADER = "$(TEST_HOST)";
				FRAMEWORK_SEARCH_PATHS = (
					"$(SDKROOT)/Developer/Library/Frameworks",
					"$(inherited)",
				);
				GCC_PREPROCESSOR_DEFINITIONS = (
					"DEBUG=1",
					"$(inherited)",
				);
				INFOPLIST_FILE = SmileTicketsTests/Info.plist;
				LD_RUNPATH_SEARCH_PATHS = "$(inherited) @executable_path/Frameworks @loader_path/Frameworks";
				PRODUCT_NAME = "$(TARGET_NAME)";
				TEST_HOST = "$(BUILT_PRODUCTS_DIR)/SmileTickets.app/SmileTickets";
			};
			name = Debug;
		};
		2F8B55F71A84B14100633C13 /* Release */ = {
			isa = XCBuildConfiguration;
			buildSettings = {
				BUNDLE_LOADER = "$(TEST_HOST)";
				FRAMEWORK_SEARCH_PATHS = (
					"$(SDKROOT)/Developer/Library/Frameworks",
					"$(inherited)",
				);
				INFOPLIST_FILE = SmileTicketsTests/Info.plist;
				LD_RUNPATH_SEARCH_PATHS = "$(inherited) @executable_path/Frameworks @loader_path/Frameworks";
				PRODUCT_NAME = "$(TARGET_NAME)";
				TEST_HOST = "$(BUILT_PRODUCTS_DIR)/SmileTickets.app/SmileTickets";
			};
			name = Release;
		};
/* End XCBuildConfiguration section */

/* Begin XCConfigurationList section */
		2F8B55CA1A84B14100633C13 /* Build configuration list for PBXProject "SmileTickets" */ = {
			isa = XCConfigurationList;
			buildConfigurations = (
				2F8B55F01A84B14100633C13 /* Debug */,
				2F8B55F11A84B14100633C13 /* Release */,
			);
			defaultConfigurationIsVisible = 0;
			defaultConfigurationName = Release;
		};
		2F8B55F21A84B14100633C13 /* Build configuration list for PBXNativeTarget "SmileTickets" */ = {
			isa = XCConfigurationList;
			buildConfigurations = (
				2F8B55F31A84B14100633C13 /* Debug */,
				2F8B55F41A84B14100633C13 /* Release */,
			);
			defaultConfigurationIsVisible = 0;
		};
		2F8B55F51A84B14100633C13 /* Build configuration list for PBXNativeTarget "SmileTicketsTests" */ = {
			isa = XCConfigurationList;
			buildConfigurations = (
				2F8B55F61A84B14100633C13 /* Debug */,
				2F8B55F71A84B14100633C13 /* Release */,
			);
			defaultConfigurationIsVisible = 0;
		};
/* End XCConfigurationList section */
	};
	rootObject = 2F8B55C71A84B14100633C13 /* Project object */;
}
